
Microsoft Visual Studio Solution File, Format Version 12.00
# Visual Studio Version 17
VisualStudioVersion = 17.5.002.0
MinimumVisualStudioVersion = 10.0.40219.1
Project("{9A19103F-16F7-4668-BE54-9A1E7A4F7556}") = "C#ConsoleCalc", "C#ConsoleCalc.csproj", "{EDEF9C6E-E70F-4612-8CAA-4A0626C92385}"
EndProject
Global
	GlobalSection(SolutionConfigurationPlatforms) = preSolution
		Debug|Any CPU = Debug|Any CPU
		Release|Any CPU = Release|Any CPU
	EndGlobalSection
	GlobalSection(ProjectConfigurationPlatforms) = postSolution
		{EDEF9C6E-E70F-4612-8CAA-4A0626C92385}.Debug|Any CPU.ActiveCfg = Debug|Any CPU
		{EDEF9C6E-E70F-4612-8CAA-4A0626C92385}.Debug|Any CPU.Build.0 = Debug|Any CPU
		{EDEF9C6E-E70F-4612-8CAA-4A0626C92385}.Release|Any CPU.ActiveCfg = Release|Any CPU
		{EDEF9C6E-E70F-4612-8CAA-4A0626C92385}.Release|Any CPU.Build.0 = Release|Any CPU
	EndGlobalSection
	GlobalSection(SolutionProperties) = preSolution
		HideSolutionNode = FALSE
	EndGlobalSection
	GlobalSection(ExtensibilityGlobals) = postSolution
		SolutionGuid = {EF7DD155-42C7-4E50-B387-16F907855768}
	EndGlobalSection
EndGlobal
